// !$*UTF8*$!
{
	archiveVersion = 1;
	classes = {
	};
	objectVersion = 46;
	objects = {

/* Begin PBXBuildFile section */
		2CC348DF1B7B9C27006A8D5E /* main.m in Sources */ = {isa = PBXBuildFile; fileRef = 2CC348DE1B7B9C27006A8D5E /* main.m */; };
		2CC348E21B7B9C27006A8D5E /* AppDelegate.m in Sources */ = {isa = PBXBuildFile; fileRef = 2CC348E11B7B9C27006A8D5E /* AppDelegate.m */; };
		2CC348E51B7B9C27006A8D5E /* MasterListViewController.m in Sources */ = {isa = PBXBuildFile; fileRef = 2CC348E41B7B9C27006A8D5E /* MasterListViewController.m */; };
		2CC348E81B7B9C27006A8D5E /* Main.storyboard in Resources */ = {isa = PBXBuildFile; fileRef = 2CC348E61B7B9C27006A8D5E /* Main.storyboard */; };
		2CC348EA1B7B9C27006A8D5E /* Images.xcassets in Resources */ = {isa = PBXBuildFile; fileRef = 2CC348E91B7B9C27006A8D5E /* Images.xcassets */; };
		2CC348ED1B7B9C27006A8D5E /* LaunchScreen.xib in Resources */ = {isa = PBXBuildFile; fileRef = 2CC348EB1B7B9C27006A8D5E /* LaunchScreen.xib */; };
		2CC348F91B7B9C27006A8D5E /* PairRandomizerTests.m in Sources */ = {isa = PBXBuildFile; fileRef = 2CC348F81B7B9C27006A8D5E /* PairRandomizerTests.m */; };
		2CC349041B7B9E3C006A8D5E /* MasterListViewDataSource.m in Sources */ = {isa = PBXBuildFile; fileRef = 2CC349031B7B9E3C006A8D5E /* MasterListViewDataSource.m */; };
		2CC349061B7BA0EA006A8D5E /* CoreData.framework in Frameworks */ = {isa = PBXBuildFile; fileRef = 2CC349051B7BA0EA006A8D5E /* CoreData.framework */; };
		2CC349091B7BA191006A8D5E /* Model.xcdatamodeld in Sources */ = {isa = PBXBuildFile; fileRef = 2CC349071B7BA191006A8D5E /* Model.xcdatamodeld */; };
		2CC3490F1B7BA20A006A8D5E /* Stack.m in Sources */ = {isa = PBXBuildFile; fileRef = 2CC3490E1B7BA20A006A8D5E /* Stack.m */; };
		2CC349121B7BA30C006A8D5E /* Person.m in Sources */ = {isa = PBXBuildFile; fileRef = 2CC349111B7BA30C006A8D5E /* Person.m */; };
		2CC349161B7BA35D006A8D5E /* PersonController.m in Sources */ = {isa = PBXBuildFile; fileRef = 2CC349151B7BA35D006A8D5E /* PersonController.m */; };
		2CC349191B7BA842006A8D5E /* PersonTableViewCell.m in Sources */ = {isa = PBXBuildFile; fileRef = 2CC349181B7BA842006A8D5E /* PersonTableViewCell.m */; };
		2CC3491C1B7BB808006A8D5E /* PairsViewController.m in Sources */ = {isa = PBXBuildFile; fileRef = 2CC3491B1B7BB808006A8D5E /* PairsViewController.m */; };
		2CC3491F1B7BBE79006A8D5E /* PairsViewDataSource.m in Sources */ = {isa = PBXBuildFile; fileRef = 2CC3491E1B7BBE79006A8D5E /* PairsViewDataSource.m */; };
/* End PBXBuildFile section */

/* Begin PBXContainerItemProxy section */
		2CC348F31B7B9C27006A8D5E /* PBXContainerItemProxy */ = {
			isa = PBXContainerItemProxy;
			containerPortal = 2CC348D11B7B9C27006A8D5E /* Project object */;
			proxyType = 1;
			remoteGlobalIDString = 2CC348D81B7B9C27006A8D5E;
			remoteInfo = PairRandomizer;
		};
/* End PBXContainerItemProxy section */

/* Begin PBXFileReference section */
		2CC348D91B7B9C27006A8D5E /* PairRandomizer.app */ = {isa = PBXFileReference; explicitFileType = wrapper.application; includeInIndex = 0; path = PairRandomizer.app; sourceTree = BUILT_PRODUCTS_DIR; };
		2CC348DD1B7B9C27006A8D5E /* Info.plist */ = {isa = PBXFileReference; lastKnownFileType = text.plist.xml; path = Info.plist; sourceTree = "<group>"; };
		2CC348DE1B7B9C27006A8D5E /* main.m */ = {isa = PBXFileReference; lastKnownFileType = sourcecode.c.objc; path = main.m; sourceTree = "<group>"; };
		2CC348E01B7B9C27006A8D5E /* AppDelegate.h */ = {isa = PBXFileReference; lastKnownFileType = sourcecode.c.h; path = AppDelegate.h; sourceTree = "<group>"; };
		2CC348E11B7B9C27006A8D5E /* AppDelegate.m */ = {isa = PBXFileReference; lastKnownFileType = sourcecode.c.objc; path = AppDelegate.m; sourceTree = "<group>"; };
		2CC348E31B7B9C27006A8D5E /* MasterListViewController.h */ = {isa = PBXFileReference; lastKnownFileType = sourcecode.c.h; path = MasterListViewController.h; sourceTree = "<group>"; };
		2CC348E41B7B9C27006A8D5E /* MasterListViewController.m */ = {isa = PBXFileReference; lastKnownFileType = sourcecode.c.objc; path = MasterListViewController.m; sourceTree = "<group>"; };
		2CC348E71B7B9C27006A8D5E /* Base */ = {isa = PBXFileReference; lastKnownFileType = file.storyboard; name = Base; path = Base.lproj/Main.storyboard; sourceTree = "<group>"; };
		2CC348E91B7B9C27006A8D5E /* Images.xcassets */ = {isa = PBXFileReference; lastKnownFileType = folder.assetcatalog; path = Images.xcassets; sourceTree = "<group>"; };
		2CC348EC1B7B9C27006A8D5E /* Base */ = {isa = PBXFileReference; lastKnownFileType = file.xib; name = Base; path = Base.lproj/LaunchScreen.xib; sourceTree = "<group>"; };
		2CC348F21B7B9C27006A8D5E /* PairRandomizerTests.xctest */ = {isa = PBXFileReference; explicitFileType = wrapper.cfbundle; includeInIndex = 0; path = PairRandomizerTests.xctest; sourceTree = BUILT_PRODUCTS_DIR; };
		2CC348F71B7B9C27006A8D5E /* Info.plist */ = {isa = PBXFileReference; lastKnownFileType = text.plist.xml; path = Info.plist; sourceTree = "<group>"; };
		2CC348F81B7B9C27006A8D5E /* PairRandomizerTests.m */ = {isa = PBXFileReference; lastKnownFileType = sourcecode.c.objc; path = PairRandomizerTests.m; sourceTree = "<group>"; };
		2CC349021B7B9E3C006A8D5E /* MasterListViewDataSource.h */ = {isa = PBXFileReference; fileEncoding = 4; lastKnownFileType = sourcecode.c.h; path = MasterListViewDataSource.h; sourceTree = "<group>"; };
		2CC349031B7B9E3C006A8D5E /* MasterListViewDataSource.m */ = {isa = PBXFileReference; fileEncoding = 4; lastKnownFileType = sourcecode.c.objc; path = MasterListViewDataSource.m; sourceTree = "<group>"; };
		2CC349051B7BA0EA006A8D5E /* CoreData.framework */ = {isa = PBXFileReference; lastKnownFileType = wrapper.framework; name = CoreData.framework; path = System/Library/Frameworks/CoreData.framework; sourceTree = SDKROOT; };
		2CC349081B7BA191006A8D5E /* Model.xcdatamodel */ = {isa = PBXFileReference; lastKnownFileType = wrapper.xcdatamodel; path = Model.xcdatamodel; sourceTree = "<group>"; };
		2CC3490D1B7BA20A006A8D5E /* Stack.h */ = {isa = PBXFileReference; fileEncoding = 4; lastKnownFileType = sourcecode.c.h; path = Stack.h; sourceTree = "<group>"; };
		2CC3490E1B7BA20A006A8D5E /* Stack.m */ = {isa = PBXFileReference; fileEncoding = 4; lastKnownFileType = sourcecode.c.objc; path = Stack.m; sourceTree = "<group>"; };
		2CC349101B7BA30C006A8D5E /* Person.h */ = {isa = PBXFileReference; fileEncoding = 4; lastKnownFileType = sourcecode.c.h; path = Person.h; sourceTree = "<group>"; };
		2CC349111B7BA30C006A8D5E /* Person.m */ = {isa = PBXFileReference; fileEncoding = 4; lastKnownFileType = sourcecode.c.objc; path = Person.m; sourceTree = "<group>"; };
		2CC349141B7BA35D006A8D5E /* PersonController.h */ = {isa = PBXFileReference; fileEncoding = 4; lastKnownFileType = sourcecode.c.h; path = PersonController.h; sourceTree = "<group>"; };
		2CC349151B7BA35D006A8D5E /* PersonController.m */ = {isa = PBXFileReference; fileEncoding = 4; lastKnownFileType = sourcecode.c.objc; path = PersonController.m; sourceTree = "<group>"; };
		2CC349171B7BA842006A8D5E /* PersonTableViewCell.h */ = {isa = PBXFileReference; fileEncoding = 4; lastKnownFileType = sourcecode.c.h; path = PersonTableViewCell.h; sourceTree = "<group>"; };
		2CC349181B7BA842006A8D5E /* PersonTableViewCell.m */ = {isa = PBXFileReference; fileEncoding = 4; lastKnownFileType = sourcecode.c.objc; path = PersonTableViewCell.m; sourceTree = "<group>"; };
		2CC3491A1B7BB808006A8D5E /* PairsViewController.h */ = {isa = PBXFileReference; fileEncoding = 4; lastKnownFileType = sourcecode.c.h; path = PairsViewController.h; sourceTree = "<group>"; };
		2CC3491B1B7BB808006A8D5E /* PairsViewController.m */ = {isa = PBXFileReference; fileEncoding = 4; lastKnownFileType = sourcecode.c.objc; path = PairsViewController.m; sourceTree = "<group>"; };
		2CC3491D1B7BBE79006A8D5E /* PairsViewDataSource.h */ = {isa = PBXFileReference; fileEncoding = 4; lastKnownFileType = sourcecode.c.h; path = PairsViewDataSource.h; sourceTree = "<group>"; };
		2CC3491E1B7BBE79006A8D5E /* PairsViewDataSource.m */ = {isa = PBXFileReference; fileEncoding = 4; lastKnownFileType = sourcecode.c.objc; path = PairsViewDataSource.m; sourceTree = "<group>"; };
/* End PBXFileReference section */

/* Begin PBXFrameworksBuildPhase section */
		2CC348D61B7B9C27006A8D5E /* Frameworks */ = {
			isa = PBXFrameworksBuildPhase;
			buildActionMask = 2147483647;
			files = (
				2CC349061B7BA0EA006A8D5E /* CoreData.framework in Frameworks */,
			);
			runOnlyForDeploymentPostprocessing = 0;
		};
		2CC348EF1B7B9C27006A8D5E /* Frameworks */ = {
			isa = PBXFrameworksBuildPhase;
			buildActionMask = 2147483647;
			files = (
			);
			runOnlyForDeploymentPostprocessing = 0;
		};
/* End PBXFrameworksBuildPhase section */

/* Begin PBXGroup section */
		2CC348D01B7B9C27006A8D5E = {
			isa = PBXGroup;
			children = (
				2CC348DB1B7B9C27006A8D5E /* PairRandomizer */,
				2CC348F51B7B9C27006A8D5E /* PairRandomizerTests */,
				2CC348DA1B7B9C27006A8D5E /* Products */,
			);
			sourceTree = "<group>";
		};
		2CC348DA1B7B9C27006A8D5E /* Products */ = {
			isa = PBXGroup;
			children = (
				2CC348D91B7B9C27006A8D5E /* PairRandomizer.app */,
				2CC348F21B7B9C27006A8D5E /* PairRandomizerTests.xctest */,
			);
			name = Products;
			sourceTree = "<group>";
		};
		2CC348DB1B7B9C27006A8D5E /* PairRandomizer */ = {
			isa = PBXGroup;
			children = (
				2CC348E01B7B9C27006A8D5E /* AppDelegate.h */,
				2CC348E11B7B9C27006A8D5E /* AppDelegate.m */,
				2CC348E31B7B9C27006A8D5E /* MasterListViewController.h */,
				2CC348E41B7B9C27006A8D5E /* MasterListViewController.m */,
				2CC349021B7B9E3C006A8D5E /* MasterListViewDataSource.h */,
				2CC349031B7B9E3C006A8D5E /* MasterListViewDataSource.m */,
				2CC349171B7BA842006A8D5E /* PersonTableViewCell.h */,
				2CC349181B7BA842006A8D5E /* PersonTableViewCell.m */,
				2CC3491A1B7BB808006A8D5E /* PairsViewController.h */,
				2CC3491B1B7BB808006A8D5E /* PairsViewController.m */,
				2CC3491D1B7BBE79006A8D5E /* PairsViewDataSource.h */,
				2CC3491E1B7BBE79006A8D5E /* PairsViewDataSource.m */,
				2CC349131B7BA346006A8D5E /* Model Controllers */,
				2CC3490A1B7BA1A8006A8D5E /* Model */,
				2CC348E61B7B9C27006A8D5E /* Main.storyboard */,
				2CC348E91B7B9C27006A8D5E /* Images.xcassets */,
				2CC348EB1B7B9C27006A8D5E /* LaunchScreen.xib */,
				2CC349051B7BA0EA006A8D5E /* CoreData.framework */,
				2CC348DC1B7B9C27006A8D5E /* Supporting Files */,
			);
			path = PairRandomizer;
			sourceTree = "<group>";
		};
		2CC348DC1B7B9C27006A8D5E /* Supporting Files */ = {
			isa = PBXGroup;
			children = (
				2CC348DD1B7B9C27006A8D5E /* Info.plist */,
				2CC348DE1B7B9C27006A8D5E /* main.m */,
			);
			name = "Supporting Files";
			sourceTree = "<group>";
		};
		2CC348F51B7B9C27006A8D5E /* PairRandomizerTests */ = {
			isa = PBXGroup;
			children = (
				2CC348F81B7B9C27006A8D5E /* PairRandomizerTests.m */,
				2CC348F61B7B9C27006A8D5E /* Supporting Files */,
			);
			path = PairRandomizerTests;
			sourceTree = "<group>";
		};
		2CC348F61B7B9C27006A8D5E /* Supporting Files */ = {
			isa = PBXGroup;
			children = (
				2CC348F71B7B9C27006A8D5E /* Info.plist */,
			);
			name = "Supporting Files";
			sourceTree = "<group>";
		};
		2CC3490A1B7BA1A8006A8D5E /* Model */ = {
			isa = PBXGroup;
			children = (
				2CC3490D1B7BA20A006A8D5E /* Stack.h */,
				2CC3490E1B7BA20A006A8D5E /* Stack.m */,
				2CC349071B7BA191006A8D5E /* Model.xcdatamodeld */,
				2CC349101B7BA30C006A8D5E /* Person.h */,
				2CC349111B7BA30C006A8D5E /* Person.m */,
			);
			name = Model;
			sourceTree = "<group>";
		};
		2CC349131B7BA346006A8D5E /* Model Controllers */ = {
			isa = PBXGroup;
			children = (
				2CC349141B7BA35D006A8D5E /* PersonController.h */,
				2CC349151B7BA35D006A8D5E /* PersonController.m */,
			);
			name = "Model Controllers";
			sourceTree = "<group>";
		};
/* End PBXGroup section */

/* Begin PBXNativeTarget section */
		2CC348D81B7B9C27006A8D5E /* PairRandomizer */ = {
			isa = PBXNativeTarget;
			buildConfigurationList = 2CC348FC1B7B9C27006A8D5E /* Build configuration list for PBXNativeTarget "PairRandomizer" */;
			buildPhases = (
				2CC348D51B7B9C27006A8D5E /* Sources */,
				2CC348D61B7B9C27006A8D5E /* Frameworks */,
				2CC348D71B7B9C27006A8D5E /* Resources */,
			);
			buildRules = (
			);
			dependencies = (
			);
			name = PairRandomizer;
			productName = PairRandomizer;
			productReference = 2CC348D91B7B9C27006A8D5E /* PairRandomizer.app */;
			productType = "com.apple.product-type.application";
		};
		2CC348F11B7B9C27006A8D5E /* PairRandomizerTests */ = {
			isa = PBXNativeTarget;
			buildConfigurationList = 2CC348FF1B7B9C27006A8D5E /* Build configuration list for PBXNativeTarget "PairRandomizerTests" */;
			buildPhases = (
				2CC348EE1B7B9C27006A8D5E /* Sources */,
				2CC348EF1B7B9C27006A8D5E /* Frameworks */,
				2CC348F01B7B9C27006A8D5E /* Resources */,
			);
			buildRules = (
			);
			dependencies = (
				2CC348F41B7B9C27006A8D5E /* PBXTargetDependency */,
			);
			name = PairRandomizerTests;
			productName = PairRandomizerTests;
			productReference = 2CC348F21B7B9C27006A8D5E /* PairRandomizerTests.xctest */;
			productType = "com.apple.product-type.bundle.unit-test";
		};
/* End PBXNativeTarget section */

/* Begin PBXProject section */
		2CC348D11B7B9C27006A8D5E /* Project object */ = {
			isa = PBXProject;
			attributes = {
				LastUpgradeCheck = 0630;
				ORGANIZATIONNAME = MichelleTessier;
				TargetAttributes = {
					2CC348D81B7B9C27006A8D5E = {
						CreatedOnToolsVersion = 6.3.2;
					};
					2CC348F11B7B9C27006A8D5E = {
						CreatedOnToolsVersion = 6.3.2;
						TestTargetID = 2CC348D81B7B9C27006A8D5E;
					};
				};
			};
			buildConfigurationList = 2CC348D41B7B9C27006A8D5E /* Build configuration list for PBXProject "PairRandomizer" */;
			compatibilityVersion = "Xcode 3.2";
			developmentRegion = English;
			hasScannedForEncodings = 0;
			knownRegions = (
				en,
				Base,
			);
			mainGroup = 2CC348D01B7B9C27006A8D5E;
			productRefGroup = 2CC348DA1B7B9C27006A8D5E /* Products */;
			projectDirPath = "";
			projectRoot = "";
			targets = (
				2CC348D81B7B9C27006A8D5E /* PairRandomizer */,
				2CC348F11B7B9C27006A8D5E /* PairRandomizerTests */,
			);
		};
/* End PBXProject section */

/* Begin PBXResourcesBuildPhase section */
		2CC348D71B7B9C27006A8D5E /* Resources */ = {
			isa = PBXResourcesBuildPhase;
			buildActionMask = 2147483647;
			files = (
				2CC348E81B7B9C27006A8D5E /* Main.storyboard in Resources */,
				2CC348ED1B7B9C27006A8D5E /* LaunchScreen.xib in Resources */,
				2CC348EA1B7B9C27006A8D5E /* Images.xcassets in Resources */,
			);
			runOnlyForDeploymentPostprocessing = 0;
		};
		2CC348F01B7B9C27006A8D5E /* Resources */ = {
			isa = PBXResourcesBuildPhase;
			buildActionMask = 2147483647;
			files = (
			);
			runOnlyForDeploymentPostprocessing = 0;
		};
/* End PBXResourcesBuildPhase section */

/* Begin PBXSourcesBuildPhase section */
		2CC348D51B7B9C27006A8D5E /* Sources */ = {
			isa = PBXSourcesBuildPhase;
			buildActionMask = 2147483647;
			files = (
				2CC349161B7BA35D006A8D5E /* PersonController.m in Sources */,
				2CC3490F1B7BA20A006A8D5E /* Stack.m in Sources */,
				2CC3491F1B7BBE79006A8D5E /* PairsViewDataSource.m in Sources */,
				2CC3491C1B7BB808006A8D5E /* PairsViewController.m in Sources */,
				2CC349191B7BA842006A8D5E /* PersonTableViewCell.m in Sources */,
				2CC348E51B7B9C27006A8D5E /* MasterListViewController.m in Sources */,
				2CC349121B7BA30C006A8D5E /* Person.m in Sources */,
				2CC348E21B7B9C27006A8D5E /* AppDelegate.m in Sources */,
				2CC349091B7BA191006A8D5E /* Model.xcdatamodeld in Sources */,
				2CC348DF1B7B9C27006A8D5E /* main.m in Sources */,
				2CC349041B7B9E3C006A8D5E /* MasterListViewDataSource.m in Sources */,
			);
			runOnlyForDeploymentPostprocessing = 0;
		};
		2CC348EE1B7B9C27006A8D5E /* Sources */ = {
			isa = PBXSourcesBuildPhase;
			buildActionMask = 2147483647;
			files = (
				2CC348F91B7B9C27006A8D5E /* PairRandomizerTests.m in Sources */,
			);
			runOnlyForDeploymentPostprocessing = 0;
		};
/* End PBXSourcesBuildPhase section */

/* Begin PBXTargetDependency section */
		2CC348F41B7B9C27006A8D5E /* PBXTargetDependency */ = {
			isa = PBXTargetDependency;
			target = 2CC348D81B7B9C27006A8D5E /* PairRandomizer */;
			targetProxy = 2CC348F31B7B9C27006A8D5E /* PBXContainerItemProxy */;
		};
/* End PBXTargetDependency section */

/* Begin PBXVariantGroup section */
		2CC348E61B7B9C27006A8D5E /* Main.storyboard */ = {
			isa = PBXVariantGroup;
			children = (
				2CC348E71B7B9C27006A8D5E /* Base */,
			);
			name = Main.storyboard;
			sourceTree = "<group>";
		};
		2CC348EB1B7B9C27006A8D5E /* LaunchScreen.xib */ = {
			isa = PBXVariantGroup;
			children = (
				2CC348EC1B7B9C27006A8D5E /* Base */,
			);
			name = LaunchScreen.xib;
			sourceTree = "<group>";
		};
/* End PBXVariantGroup section */

/* Begin XCBuildConfiguration section */
		2CC348FA1B7B9C27006A8D5E /* Debug */ = {
			isa = XCBuildConfiguration;
			buildSettings = {
				ALWAYS_SEARCH_USER_PATHS = NO;
				CLANG_CXX_LANGUAGE_STANDARD = "gnu++0x";
				CLANG_CXX_LIBRARY = "libc++";
				CLANG_ENABLE_MODULES = YES;
				CLANG_ENABLE_OBJC_ARC = YES;
				CLANG_WARN_BOOL_CONVERSION = YES;
				CLANG_WARN_CONSTANT_CONVERSION = YES;
				CLANG_WARN_DIRECT_OBJC_ISA_USAGE = YES_ERROR;
				CLANG_WARN_EMPTY_BODY = YES;
				CLANG_WARN_ENUM_CONVERSION = YES;
				CLANG_WARN_INT_CONVERSION = YES;
				CLANG_WARN_OBJC_ROOT_CLASS = YES_ERROR;
				CLANG_WARN_UNREACHABLE_CODE = YES;
				CLANG_WARN__DUPLICATE_METHOD_MATCH = YES;
				"CODE_SIGN_IDENTITY[sdk=iphoneos*]" = "iPhone Developer";
				COPY_PHASE_STRIP = NO;
				DEBUG_INFORMATION_FORMAT = "dwarf-with-dsym";
				ENABLE_STRICT_OBJC_MSGSEND = YES;
				GCC_C_LANGUAGE_STANDARD = gnu99;
				GCC_DYNAMIC_NO_PIC = NO;
				GCC_NO_COMMON_BLOCKS = YES;
				GCC_OPTIMIZATION_LEVEL = 0;
				GCC_PREPROCESSOR_DEFINITIONS = (
					"DEBUG=1",
					"$(inherited)",
				);
				GCC_SYMBOLS_PRIVATE_EXTERN = NO;
				GCC_WARN_64_TO_32_BIT_CONVERSION = YES;
				GCC_WARN_ABOUT_RETURN_TYPE = YES_ERROR;
				GCC_WARN_UNDECLARED_SELECTOR = YES;
				GCC_WARN_UNINITIALIZED_AUTOS = YES_AGGRESSIVE;
				GCC_WARN_UNUSED_FUNCTION = YES;
				GCC_WARN_UNUSED_VARIABLE = YES;
				IPHONEOS_DEPLOYMENT_TARGET = 8.3;
				MTL_ENABLE_DEBUG_INFO = YES;
				ONLY_ACTIVE_ARCH = YES;
				SDKROOT = iphoneos;
			};
			name = Debug;
		};
		2CC348FB1B7B9C27006A8D5E /* Release */ = {
			isa = XCBuildConfiguration;
			buildSettings = {
				ALWAYS_SEARCH_USER_PATHS = NO;
				CLANG_CXX_LANGUAGE_STANDARD = "gnu++0x";
				CLANG_CXX_LIBRARY = "libc++";
				CLANG_ENABLE_MODULES = YES;
				CLANG_ENABLE_OBJC_ARC = YES;
				CLANG_WARN_BOOL_CONVERSION = YES;
				CLANG_WARN_CONSTANT_CONVERSION = YES;
				CLANG_WARN_DIRECT_OBJC_ISA_USAGE = YES_ERROR;
				CLANG_WARN_EMPTY_BODY = YES;
				CLANG_WARN_ENUM_CONVERSION = YES;
				CLANG_WARN_INT_CONVERSION = YES;
				CLANG_WARN_OBJC_ROOT_CLASS = YES_ERROR;
				CLANG_WARN_UNREACHABLE_CODE = YES;
				CLANG_WARN__DUPLICATE_METHOD_MATCH = YES;
				"CODE_SIGN_IDENTITY[sdk=iphoneos*]" = "iPhone Developer";
				COPY_PHASE_STRIP = NO;
				DEBUG_INFORMATION_FORMAT = "dwarf-with-dsym";
				ENABLE_NS_ASSERTIONS = NO;
				ENABLE_STRICT_OBJC_MSGSEND = YES;
				GCC_C_LANGUAGE_STANDARD = gnu99;
				GCC_NO_COMMON_BLOCKS = YES;
				GCC_WARN_64_TO_32_BIT_CONVERSION = YES;
				GCC_WARN_ABOUT_RETURN_TYPE = YES_ERROR;
				GCC_WARN_UNDECLARED_SELECTOR = YES;
				GCC_WARN_UNINITIALIZED_AUTOS = YES_AGGRESSIVE;
				GCC_WARN_UNUSED_FUNCTION = YES;
				GCC_WARN_UNUSED_VARIABLE = YES;
				IPHONEOS_DEPLOYMENT_TARGET = 8.3;
				MTL_ENABLE_DEBUG_INFO = NO;
				SDKROOT = iphoneos;
				VALIDATE_PRODUCT = YES;
			};
			name = Release;
		};
		2CC348FD1B7B9C27006A8D5E /* Debug */ = {
			isa = XCBuildConfiguration;
			buildSettings = {
				ASSETCATALOG_COMPILER_APPICON_NAME = AppIcon;
				INFOPLIST_FILE = PairRandomizer/Info.plist;
				LD_RUNPATH_SEARCH_PATHS = "$(inherited) @executable_path/Frameworks";
				PRODUCT_NAME = "$(TARGET_NAME)";
			};
			name = Debug;
		};
		2CC348FE1B7B9C27006A8D5E /* Release */ = {
			isa = XCBuildConfiguration;
			buildSettings = {
				ASSETCATALOG_COMPILER_APPICON_NAME = AppIcon;
				INFOPLIST_FILE = PairRandomizer/Info.plist;
				LD_RUNPATH_SEARCH_PATHS = "$(inherited) @executable_path/Frameworks";
				PRODUCT_NAME = "$(TARGET_NAME)";
			};
			name = Release;
		};
		2CC349001B7B9C27006A8D5E /* Debug */ = {
			isa = XCBuildConfiguration;
			buildSettings = {
				BUNDLE_LOADER = "$(TEST_HOST)";
				FRAMEWORK_SEARCH_PATHS = (
					"$(SDKROOT)/Developer/Library/Frameworks",
					"$(inherited)",
				);
				GCC_PREPROCESSOR_DEFINITIONS = (
					"DEBUG=1",
					"$(inherited)",
				);
				INFOPLIST_FILE = PairRandomizerTests/Info.plist;
				LD_RUNPATH_SEARCH_PATHS = "$(inherited) @executable_path/Frameworks @loader_path/Frameworks";
				PRODUCT_NAME = "$(TARGET_NAME)";
				TEST_HOST = "$(BUILT_PRODUCTS_DIR)/PairRandomizer.app/PairRandomizer";
			};
			name = Debug;
		};
		2CC349011B7B9C27006A8D5E /* Release */ = {
			isa = XCBuildConfiguration;
			buildSettings = {
				BUNDLE_LOADER = "$(TEST_HOST)";
				FRAMEWORK_SEARCH_PATHS = (
					"$(SDKROOT)/Developer/Library/Frameworks",
					"$(inherited)",
				);
				INFOPLIST_FILE = PairRandomizerTests/Info.plist;
				LD_RUNPATH_SEARCH_PATHS = "$(inherited) @executable_path/Frameworks @loader_path/Frameworks";
				PRODUCT_NAME = "$(TARGET_NAME)";
				TEST_HOST = "$(BUILT_PRODUCTS_DIR)/PairRandomizer.app/PairRandomizer";
			};
			name = Release;
		};
/* End XCBuildConfiguration section */

/* Begin XCConfigurationList section */
		2CC348D41B7B9C27006A8D5E /* Build configuration list for PBXProject "PairRandomizer" */ = {
			isa = XCConfigurationList;
			buildConfigurations = (
				2CC348FA1B7B9C27006A8D5E /* Debug */,
				2CC348FB1B7B9C27006A8D5E /* Release */,
			);
			defaultConfigurationIsVisible = 0;
			defaultConfigurationName = Release;
		};
		2CC348FC1B7B9C27006A8D5E /* Build configuration list for PBXNativeTarget "PairRandomizer" */ = {
			isa = XCConfigurationList;
			buildConfigurations = (
				2CC348FD1B7B9C27006A8D5E /* Debug */,
				2CC348FE1B7B9C27006A8D5E /* Release */,
			);
			defaultConfigurationIsVisible = 0;
		};
		2CC348FF1B7B9C27006A8D5E /* Build configuration list for PBXNativeTarget "PairRandomizerTests" */ = {
			isa = XCConfigurationList;
			buildConfigurations = (
				2CC349001B7B9C27006A8D5E /* Debug */,
				2CC349011B7B9C27006A8D5E /* Release */,
			);
			defaultConfigurationIsVisible = 0;
		};
/* End XCConfigurationList section */

/* Begin XCVersionGroup section */
		2CC349071B7BA191006A8D5E /* Model.xcdatamodeld */ = {
			isa = XCVersionGroup;
			children = (
				2CC349081B7BA191006A8D5E /* Model.xcdatamodel */,
			);
			currentVersion = 2CC349081B7BA191006A8D5E /* Model.xcdatamodel */;
			path = Model.xcdatamodeld;
			sourceTree = "<group>";
			versionGroupType = wrapper.xcdatamodel;
		};
/* End XCVersionGroup section */
	};
	rootObject = 2CC348D11B7B9C27006A8D5E /* Project object */;
}
